{
  "lockfile_version": "1",
  "packages": {
    "github:NixOS/nixpkgs/nixpkgs-unstable": {
      "last_modified": "2026-05-22T01:51:30Z",
      "resolved": "github:NixOS/nixpkgs/6dedf69f94d03cbe7bdde106f2d4c23ae2a853bf?lastModified=1779414690"
    },
    "go@latest": {
      "last_modified": "2026-04-23T13:07:47Z",
      "resolved": "github:NixOS/nixpkgs/01fbdeef22b76df85ea168fbfe1bfd9e63681b30#go",
      "source": "devbox-search",
      "version": "1.26.2",
      "systems": {
        "aarch64-darwin": {
          "outputs": [
            {
              "name": "out",
              "path": "/nix/store/fkzywh7rg8lg1n2p0r161iqjwhz540wx-go-1.26.2",
              "default": true
            }
          ],
          "store_path": "/nix/store/fkzywh7rg8lg1n2p0r161iqjwhz540wx-go-1.26.2"
        },
        "aarch64-linux": {
          "outputs": [
            {
              "name": "out",
              "path": "/nix/store/w4i7p78y3735jcy69sk4lcy9zyxr0cav-go-1.26.2",
              "default": true
            }
          ],
          "store_path": "/nix/store/w4i7p78y3735jcy69sk4lcy9zyxr0cav-go-1.26.2"
        },
        "x86_64-darwin": {
          "outputs": [
            {
              "name": "out",
              "path": "/nix/store/g0b45l45nlb1kqiywzja7fh49yn7lla5-go-1.26.2",
              "default": true
            }
          ],
          "store_path": "/nix/store/g0b45l45nlb1kqiywzja7fh49yn7lla5-go-1.26.2"
        },
        "x86_64-linux": {
          "outputs": [
            {
              "name": "out",
              "path": "/nix/store/dimnagks1qsp7180yw74z0npp7z2ihs3-go-1.26.2",
              "default": true
            }
          ],
          "store_path": "/nix/store/dimnagks1qsp7180yw74z0npp7z2ihs3-go-1.26.2"
        }
      }
    },
    "govulncheck@latest": {
      "last_modified": "2026-04-27T06:11:55Z",
      "resolved": "github:NixOS/nixpkgs/6368eda62c9775c38ef7f714b2555a741c20c72d#govulncheck",
      "source": "devbox-search",
      "version": "1.3.0",
      "systems": {
        "aarch64-darwin": {
          "outputs": [
            {
              "name": "out",
              "path": "/nix/store/qxbrnj01zpdg0x7rsmv14j7fgf94q1nq-govulncheck-1.3.0",
              "default": true
            }
          ],
          "store_path": "/nix/store/qxbrnj01zpdg0x7rsmv14j7fgf94q1nq-govulncheck-1.3.0"
        },
        "aarch64-linux": {
          "outputs": [
            {
              "name": "out",
              "path": "/nix/store/bi45ipwkzfak6kg6bypczgjzsfdzf50l-govulncheck-1.3.0",
              "default": true
            }
          ],
          "store_path": "/nix/store/bi45ipwkzfak6kg6bypczgjzsfdzf50l-govulncheck-1.3.0"
        },
        "x86_64-darwin": {
          "outputs": [
            {
              "name": "out",
              "path": "/nix/store/p2pzzj0j9f5m5gpbxc4d0yxlxcrl25g4-govulncheck-1.3.0",
              "default": true
            }
          ],
          "store_path": "/nix/store/p2pzzj0j9f5m5gpbxc4d0yxlxcrl25g4-govulncheck-1.3.0"
        },
        "x86_64-linux": {
          "outputs": [
            {
              "name": "out",
              "path": "/nix/store/qghnjlmg205xq2yaay0z7bkb6xxvfi9f-govulncheck-1.3.0",
              "default": true
            }
          ],
          "store_path": "/nix/store/qghnjlmg205xq2yaay0z7bkb6xxvfi9f-govulncheck-1.3.0"
        }
      }
    },
    "ko@latest": {
      "last_modified": "2026-04-23T13:07:47Z",
      "resolved": "github:NixOS/nixpkgs/01fbdeef22b76df85ea168fbfe1bfd9e63681b30#ko",
      "source": "devbox-search",
      "version": "0.18.1",
      "systems": {
        "aarch64-darwin": {
          "outputs": [
            {
              "name": "out",
              "path": "/nix/store/4l1hfi9ldkmdmq1k2xzxmmff5v6xbc69-ko-0.18.1",
              "default": true
            }
          ],
          "store_path": "/nix/store/4l1hfi9ldkmdmq1k2xzxmmff5v6xbc69-ko-0.18.1"
        },
        "aarch64-linux": {
          "outputs": [
            {
              "name": "out",
              "path": "/nix/store/qib660j7jz1fj0c02i0xd8dgwb9rq3nx-ko-0.18.1",
              "default": true
            }
          ],
          "store_path": "/nix/store/qib660j7jz1fj0c02i0xd8dgwb9rq3nx-ko-0.18.1"
        },
        "x86_64-darwin": {
          "outputs": [
            {
              "name": "out",
              "path": "/nix/store/fjpzszdzgr3wsggkz9yyngcpk7c7ji8k-ko-0.18.1",
              "default": true
            }
          ],
          "store_path": "/nix/store/fjpzszdzgr3wsggkz9yyngcpk7c7ji8k-ko-0.18.1"
        },
        "x86_64-linux": {
          "outputs": [
            {
              "name": "out",
              "path": "/nix/store/xsg4in2vsgl0mqhdmr4lbs3i13629d9l-ko-0.18.1",
              "default": true
            }
          ],
          "store_path": "/nix/store/xsg4in2vsgl0mqhdmr4lbs3i13629d9l-ko-0.18.1"
        }
      }
    }
  }
}
